
Microsoft Visual Studio Solution File, Format Version 12.00
# Visual Studio 15
VisualStudioVersion = 15.0.28307.1231
MinimumVisualStudioVersion = 10.0.40219.1
Project("{8BC9CEB8-8B4A-11D0-8D11-00A0C91BC942}") = "Observer", "Observer\Observer.vcxproj", "{6FE8B867-9858-432C-9A49-5ADCA5E03A33}"
EndProject
Project("{8BC9CEB8-8B4A-11D0-8D11-00A0C91BC942}") = "Adapter", "Adapter\Adapter.vcxproj", "{4884FA94-C8F8-4F17-94F5-83DECD12FDC0}"
EndProject
Project("{8BC9CEB8-8B4A-11D0-8D11-00A0C91BC942}") = "Bridge", "Bridge\Bridge.vcxproj", "{89B97F37-AD77-4456-B714-81156D7F8743}"
EndProject
Project("{8BC9CEB8-8B4A-11D0-8D11-00A0C91BC942}") = "Strategy", "Strategy\Strategy.vcxproj", "{2890E01C-A2CC-4AE3-8BCB-87CD71F2124A}"
EndProject
Project("{8BC9CEB8-8B4A-11D0-8D11-00A0C91BC942}") = "State", "State\State.vcxproj", "{4CD8C9BC-34A1-4F7E-A2F6-2223C4C6448B}"
EndProject
Global
	GlobalSection(SolutionConfigurationPlatforms) = preSolution
		Debug|x64 = Debug|x64
		Debug|x86 = Debug|x86
		Release|x64 = Release|x64
		Release|x86 = Release|x86
	EndGlobalSection
	GlobalSection(ProjectConfigurationPlatforms) = postSolution
		{6FE8B867-9858-432C-9A49-5ADCA5E03A33}.Debug|x64.ActiveCfg = Debug|x64
		{6FE8B867-9858-432C-9A49-5ADCA5E03A33}.Debug|x64.Build.0 = Debug|x64
		{6FE8B867-9858-432C-9A49-5ADCA5E03A33}.Debug|x86.ActiveCfg = Debug|Win32
		{6FE8B867-9858-432C-9A49-5ADCA5E03A33}.Debug|x86.Build.0 = Debug|Win32
		{6FE8B867-9858-432C-9A49-5ADCA5E03A33}.Release|x64.ActiveCfg = Release|x64
		{6FE8B867-9858-432C-9A49-5ADCA5E03A33}.Release|x64.Build.0 = Release|x64
		{6FE8B867-9858-432C-9A49-5ADCA5E03A33}.Release|x86.ActiveCfg = Release|Win32
		{6FE8B867-9858-432C-9A49-5ADCA5E03A33}.Release|x86.Build.0 = Release|Win32
		{4884FA94-C8F8-4F17-94F5-83DECD12FDC0}.Debug|x64.ActiveCfg = Debug|x64
		{4884FA94-C8F8-4F17-94F5-83DECD12FDC0}.Debug|x64.Build.0 = Debug|x64
		{4884FA94-C8F8-4F17-94F5-83DECD12FDC0}.Debug|x86.ActiveCfg = Debug|Win32
		{4884FA94-C8F8-4F17-94F5-83DECD12FDC0}.Debug|x86.Build.0 = Debug|Win32
		{4884FA94-C8F8-4F17-94F5-83DECD12FDC0}.Release|x64.ActiveCfg = Release|x64
		{4884FA94-C8F8-4F17-94F5-83DECD12FDC0}.Release|x64.Build.0 = Release|x64
		{4884FA94-C8F8-4F17-94F5-83DECD12FDC0}.Release|x86.ActiveCfg = Release|Win32
		{4884FA94-C8F8-4F17-94F5-83DECD12FDC0}.Release|x86.Build.0 = Release|Win32
		{89B97F37-AD77-4456-B714-81156D7F8743}.Debug|x64.ActiveCfg = Debug|x64
		{89B97F37-AD77-4456-B714-81156D7F8743}.Debug|x64.Build.0 = Debug|x64
		{89B97F37-AD77-4456-B714-81156D7F8743}.Debug|x86.ActiveCfg = Debug|Win32
		{89B97F37-AD77-4456-B714-81156D7F8743}.Debug|x86.Build.0 = Debug|Win32
		{89B97F37-AD77-4456-B714-81156D7F8743}.Release|x64.ActiveCfg = Release|x64
		{89B97F37-AD77-4456-B714-81156D7F8743}.Release|x64.Build.0 = Release|x64
		{89B97F37-AD77-4456-B714-81156D7F8743}.Release|x86.ActiveCfg = Release|Win32
		{89B97F37-AD77-4456-B714-81156D7F8743}.Release|x86.Build.0 = Release|Win32
		{2890E01C-A2CC-4AE3-8BCB-87CD71F2124A}.Debug|x64.ActiveCfg = Debug|x64
		{2890E01C-A2CC-4AE3-8BCB-87CD71F2124A}.Debug|x64.Build.0 = Debug|x64
		{2890E01C-A2CC-4AE3-8BCB-87CD71F2124A}.Debug|x86.ActiveCfg = Debug|Win32
		{2890E01C-A2CC-4AE3-8BCB-87CD71F2124A}.Debug|x86.Build.0 = Debug|Win32
		{2890E01C-A2CC-4AE3-8BCB-87CD71F2124A}.Release|x64.ActiveCfg = Release|x64
		{2890E01C-A2CC-4AE3-8BCB-87CD71F2124A}.Release|x64.Build.0 = Release|x64
		{2890E01C-A2CC-4AE3-8BCB-87CD71F2124A}.Release|x86.ActiveCfg = Release|Win32
		{2890E01C-A2CC-4AE3-8BCB-87CD71F2124A}.Release|x86.Build.0 = Release|Win32
		{4CD8C9BC-34A1-4F7E-A2F6-2223C4C6448B}.Debug|x64.ActiveCfg = Debug|x64
		{4CD8C9BC-34A1-4F7E-A2F6-2223C4C6448B}.Debug|x64.Build.0 = Debug|x64
		{4CD8C9BC-34A1-4F7E-A2F6-2223C4C6448B}.Debug|x86.ActiveCfg = Debug|Win32
		{4CD8C9BC-34A1-4F7E-A2F6-2223C4C6448B}.Debug|x86.Build.0 = Debug|Win32
		{4CD8C9BC-34A1-4F7E-A2F6-2223C4C6448B}.Release|x64.ActiveCfg = Release|x64
		{4CD8C9BC-34A1-4F7E-A2F6-2223C4C6448B}.Release|x64.Build.0 = Release|x64
		{4CD8C9BC-34A1-4F7E-A2F6-2223C4C6448B}.Release|x86.ActiveCfg = Release|Win32
		{4CD8C9BC-34A1-4F7E-A2F6-2223C4C6448B}.Release|x86.Build.0 = Release|Win32
	EndGlobalSection
	GlobalSection(SolutionProperties) = preSolution
		HideSolutionNode = FALSE
	EndGlobalSection
	GlobalSection(ExtensibilityGlobals) = postSolution
		SolutionGuid = {BF3B2727-C352-472D-9EE5-7223920B9477}
	EndGlobalSection
EndGlobal
